{
  "name": "odooClaw",
  "version": "2.0.0",
  "lockfileVersion": 3,
  "requires": true,
  "packages": {
    "": {
      "name": "odooClaw",
      "version": "2.0.0",
      "dependencies": {
        "@sinclair/typebox": "^0.34.0",
        "ipaddr.js": "^2.2.0"
      }
    },
    "node_modules/@sinclair/typebox": {
      "version": "0.34.49",
      "resolved": "https://registry.npmmirror.com/@sinclair/typebox/-/typebox-0.34.49.tgz",
      "integrity": "sha512-brySQQs7Jtn0joV8Xh9ZV/hZb9Ozb0pmazDIASBkYKCjXrXU3mpcFahmK/z4YDhGkQvP9mWJbVyahdtU5wQA+A==",
      "license": "MIT"
    },
    "node_modules/ipaddr.js": {
      "version": "2.3.0",
      "resolved": "https://registry.npmmirror.com/ipaddr.js/-/ipaddr.js-2.3.0.tgz",
      "integrity": "sha512-Zv/pA+ciVFbCSBBjGfaKUya/CcGmUHzTydLMaTwrUUEM2DIEO3iZvueGxmacvmN50fGpGVKeTXpb2LcYQxeVdg==",
      "license": "MIT",
      "engines": {
        "node": ">= 10"
      }
    }
  }
}
